# This file is automatically @generated by Cargo.
# It is not intended for manual editing.
version = 3

[[package]]
name = "urcl-frontend"
version = "0.1.0"

[[package]]
name = "urcl-llvm"
version = "0.1.0"
dependencies = [
 "urcl-frontend",
]

[[package]]
name = "urcl-llvm-backend"
version = "0.1.0"
